{
  "nodes": {
    "nixpkgs": {
      "locked": {
        "lastModified": 1766166645,
        "narHash": "sha256-7urOsghhTfOv2d7+2il711ej2BY5LlFHlOA7IOCD4OY=",
        "owner": "NixOS",
        "repo": "nixpkgs",
        "rev": "ccad53cd79cf4cf3bc338805d007d68565e75bda",
        "type": "github"
      },
      "original": {
        "owner": "NixOS",
        "ref": "nixos-25.05-small",
        "repo": "nixpkgs",
        "type": "github"
      }
    },
    "root": {
      "inputs": {
        "nixpkgs": "nixpkgs"
      }
    }
  },
  "root": "root",
  "version": 7
}
