{
  "nodes": {
    "nixpkgs": {
      "locked": {
        "lastModified": 1765739930,
        "narHash": "sha256-DjImc8QpNUxgyQuOuaZG7B7/GmS4+RJzttNuqWiVpVA=",
        "owner": "NixOS",
        "repo": "nixpkgs",
        "rev": "0ae08be69b26154fe175efa66c16f031c0137039",
        "type": "github"
      },
      "original": {
        "owner": "NixOS",
        "ref": "nixos-25.05-small",
        "repo": "nixpkgs",
        "type": "github"
      }
    },
    "root": {
      "inputs": {
        "nixpkgs": "nixpkgs"
      }
    }
  },
  "root": "root",
  "version": 7
}
