{
  "nodes": {
    "nixpkgs": {
      "locked": {
        "lastModified": 1763294559,
        "narHash": "sha256-r1K1pVxnF4ziuJDR8r1//5kbUODs8LWAyZYTNxSx1wA=",
        "owner": "NixOS",
        "repo": "nixpkgs",
        "rev": "cec38dec00df26a901eb8b424d53bbb3bcc72eec",
        "type": "github"
      },
      "original": {
        "owner": "NixOS",
        "ref": "nixos-25.05-small",
        "repo": "nixpkgs",
        "type": "github"
      }
    },
    "root": {
      "inputs": {
        "nixpkgs": "nixpkgs"
      }
    }
  },
  "root": "root",
  "version": 7
}
